
Microsoft Visual Studio Solution File, Format Version 12.00
# Visual Studio Version 17
VisualStudioVersion = 17.13.35931.197 d17.13
MinimumVisualStudioVersion = 10.0.40219.1
Project("{FAE04EC0-301F-11D3-BF4B-00C04F79EFBC}") = "SfDataGridSample", "SfDataGridSample\SfDataGridSample.csproj", "{8B0CCADE-31B6-4C6A-B038-B53AE93C5D0F}"
EndProject
Global
	GlobalSection(SolutionConfigurationPlatforms) = preSolution
		Debug|Any CPU = Debug|Any CPU
		Release|Any CPU = Release|Any CPU
	EndGlobalSection
	GlobalSection(ProjectConfigurationPlatforms) = postSolution
		{8B0CCADE-31B6-4C6A-B038-B53AE93C5D0F}.Debug|Any CPU.ActiveCfg = Debug|Any CPU
		{8B0CCADE-31B6-4C6A-B038-B53AE93C5D0F}.Debug|Any CPU.Build.0 = Debug|Any CPU
		{8B0CCADE-31B6-4C6A-B038-B53AE93C5D0F}.Release|Any CPU.ActiveCfg = Release|Any CPU
		{8B0CCADE-31B6-4C6A-B038-B53AE93C5D0F}.Release|Any CPU.Build.0 = Release|Any CPU
	EndGlobalSection
	GlobalSection(SolutionProperties) = preSolution
		HideSolutionNode = FALSE
	EndGlobalSection
	GlobalSection(ExtensibilityGlobals) = postSolution
		SolutionGuid = {1CBF420A-4749-4271-B943-FF96A0038D46}
	EndGlobalSection
EndGlobal
